// !$*UTF8*$!
{
	archiveVersion = 1;
	classes = {
	};
	objectVersion = 50;
	objects = {

/* Begin PBXBuildFile section */
		18788C0A267F00DF001CBB13 /* AppDelegate.swift in Sources */ = {isa = PBXBuildFile; fileRef = 18788C09267F00DF001CBB13 /* AppDelegate.swift */; };
		18788C0C267F00DF001CBB13 /* SceneDelegate.swift in Sources */ = {isa = PBXBuildFile; fileRef = 18788C0B267F00DF001CBB13 /* SceneDelegate.swift */; };
		18788C0E267F00DF001CBB13 /* ToDoListViewController.swift in Sources */ = {isa = PBXBuildFile; fileRef = 18788C0D267F00DF001CBB13 /* ToDoListViewController.swift */; };
		18788C11267F00DF001CBB13 /* Main.storyboard in Resources */ = {isa = PBXBuildFile; fileRef = 18788C0F267F00DF001CBB13 /* Main.storyboard */; };
		18788C13267F00E1001CBB13 /* Assets.xcassets in Resources */ = {isa = PBXBuildFile; fileRef = 18788C12267F00E1001CBB13 /* Assets.xcassets */; };
		18788C16267F00E1001CBB13 /* LaunchScreen.storyboard in Resources */ = {isa = PBXBuildFile; fileRef = 18788C14267F00E1001CBB13 /* LaunchScreen.storyboard */; };
		18788C21267F00E2001CBB13 /* ToDoAppTests.swift in Sources */ = {isa = PBXBuildFile; fileRef = 18788C20267F00E2001CBB13 /* ToDoAppTests.swift */; };
		18788C2C267F00E2001CBB13 /* ToDoAppUITests.swift in Sources */ = {isa = PBXBuildFile; fileRef = 18788C2B267F00E2001CBB13 /* ToDoAppUITests.swift */; };
		18788C4D267F30D3001CBB13 /* ToDoTableViewCell.swift in Sources */ = {isa = PBXBuildFile; fileRef = 18788C4C267F30D3001CBB13 /* ToDoTableViewCell.swift */; };
		18788C65267F4CB5001CBB13 /* Extension+UI.swift in Sources */ = {isa = PBXBuildFile; fileRef = 18788C64267F4CB5001CBB13 /* Extension+UI.swift */; };
		18788C6D267F63D7001CBB13 /* AddTaskViewController.swift in Sources */ = {isa = PBXBuildFile; fileRef = 18788C6C267F63D7001CBB13 /* AddTaskViewController.swift */; };
/* End PBXBuildFile section */

/* Begin PBXContainerItemProxy section */
		18788C1D267F00E2001CBB13 /* PBXContainerItemProxy */ = {
			isa = PBXContainerItemProxy;
			containerPortal = 18788BFE267F00DF001CBB13 /* Project object */;
			proxyType = 1;
			remoteGlobalIDString = 18788C05267F00DF001CBB13;
			remoteInfo = ToDoApp;
		};
		18788C28267F00E2001CBB13 /* PBXContainerItemProxy */ = {
			isa = PBXContainerItemProxy;
			containerPortal = 18788BFE267F00DF001CBB13 /* Project object */;
			proxyType = 1;
			remoteGlobalIDString = 18788C05267F00DF001CBB13;
			remoteInfo = ToDoApp;
		};
/* End PBXContainerItemProxy section */

/* Begin PBXFileReference section */
		18788C06267F00DF001CBB13 /* ToDoApp.app */ = {isa = PBXFileReference; explicitFileType = wrapper.application; includeInIndex = 0; path = ToDoApp.app; sourceTree = BUILT_PRODUCTS_DIR; };
		18788C09267F00DF001CBB13 /* AppDelegate.swift */ = {isa = PBXFileReference; lastKnownFileType = sourcecode.swift; path = AppDelegate.swift; sourceTree = "<group>"; };
		18788C0B267F00DF001CBB13 /* SceneDelegate.swift */ = {isa = PBXFileReference; lastKnownFileType = sourcecode.swift; path = SceneDelegate.swift; sourceTree = "<group>"; };
		18788C0D267F00DF001CBB13 /* ToDoListViewController.swift */ = {isa = PBXFileReference; lastKnownFileType = sourcecode.swift; path = ToDoListViewController.swift; sourceTree = "<group>"; };
		18788C10267F00DF001CBB13 /* Base */ = {isa = PBXFileReference; lastKnownFileType = file.storyboard; name = Base; path = Base.lproj/Main.storyboard; sourceTree = "<group>"; };
		18788C12267F00E1001CBB13 /* Assets.xcassets */ = {isa = PBXFileReference; lastKnownFileType = folder.assetcatalog; path = Assets.xcassets; sourceTree = "<group>"; };
		18788C15267F00E1001CBB13 /* Base */ = {isa = PBXFileReference; lastKnownFileType = file.storyboard; name = Base; path = Base.lproj/LaunchScreen.storyboard; sourceTree = "<group>"; };
		18788C17267F00E1001CBB13 /* Info.plist */ = {isa = PBXFileReference; lastKnownFileType = text.plist.xml; path = Info.plist; sourceTree = "<group>"; };
		18788C1C267F00E2001CBB13 /* ToDoAppTests.xctest */ = {isa = PBXFileReference; explicitFileType = wrapper.cfbundle; includeInIndex = 0; path = ToDoAppTests.xctest; sourceTree = BUILT_PRODUCTS_DIR; };
		18788C20267F00E2001CBB13 /* ToDoAppTests.swift */ = {isa = PBXFileReference; lastKnownFileType = sourcecode.swift; path = ToDoAppTests.swift; sourceTree = "<group>"; };
		18788C22267F00E2001CBB13 /* Info.plist */ = {isa = PBXFileReference; lastKnownFileType = text.plist.xml; path = Info.plist; sourceTree = "<group>"; };
		18788C27267F00E2001CBB13 /* ToDoAppUITests.xctest */ = {isa = PBXFileReference; explicitFileType = wrapper.cfbundle; includeInIndex = 0; path = ToDoAppUITests.xctest; sourceTree = BUILT_PRODUCTS_DIR; };
		18788C2B267F00E2001CBB13 /* ToDoAppUITests.swift */ = {isa = PBXFileReference; lastKnownFileType = sourcecode.swift; path = ToDoAppUITests.swift; sourceTree = "<group>"; };
		18788C2D267F00E2001CBB13 /* Info.plist */ = {isa = PBXFileReference; lastKnownFileType = text.plist.xml; path = Info.plist; sourceTree = "<group>"; };
		18788C4C267F30D3001CBB13 /* ToDoTableViewCell.swift */ = {isa = PBXFileReference; lastKnownFileType = sourcecode.swift; path = ToDoTableViewCell.swift; sourceTree = "<group>"; };
		18788C64267F4CB5001CBB13 /* Extension+UI.swift */ = {isa = PBXFileReference; lastKnownFileType = sourcecode.swift; path = "Extension+UI.swift"; sourceTree = "<group>"; };
		18788C6C267F63D7001CBB13 /* AddTaskViewController.swift */ = {isa = PBXFileReference; lastKnownFileType = sourcecode.swift; path = AddTaskViewController.swift; sourceTree = "<group>"; };
/* End PBXFileReference section */

/* Begin PBXFrameworksBuildPhase section */
		18788C03267F00DF001CBB13 /* Frameworks */ = {
			isa = PBXFrameworksBuildPhase;
			buildActionMask = 2147483647;
			files = (
			);
			runOnlyForDeploymentPostprocessing = 0;
		};
		18788C19267F00E2001CBB13 /* Frameworks */ = {
			isa = PBXFrameworksBuildPhase;
			buildActionMask = 2147483647;
			files = (
			);
			runOnlyForDeploymentPostprocessing = 0;
		};
		18788C24267F00E2001CBB13 /* Frameworks */ = {
			isa = PBXFrameworksBuildPhase;
			buildActionMask = 2147483647;
			files = (
			);
			runOnlyForDeploymentPostprocessing = 0;
		};
/* End PBXFrameworksBuildPhase section */

/* Begin PBXGroup section */
		18788BFD267F00DF001CBB13 = {
			isa = PBXGroup;
			children = (
				18788C08267F00DF001CBB13 /* ToDoApp */,
				18788C1F267F00E2001CBB13 /* ToDoAppTests */,
				18788C2A267F00E2001CBB13 /* ToDoAppUITests */,
				18788C07267F00DF001CBB13 /* Products */,
			);
			sourceTree = "<group>";
		};
		18788C07267F00DF001CBB13 /* Products */ = {
			isa = PBXGroup;
			children = (
				18788C06267F00DF001CBB13 /* ToDoApp.app */,
				18788C1C267F00E2001CBB13 /* ToDoAppTests.xctest */,
				18788C27267F00E2001CBB13 /* ToDoAppUITests.xctest */,
			);
			name = Products;
			sourceTree = "<group>";
		};
		18788C08267F00DF001CBB13 /* ToDoApp */ = {
			isa = PBXGroup;
			children = (
				18788C63267F4C96001CBB13 /* UI */,
				18788C4B267F307E001CBB13 /* TableCell */,
				18788C09267F00DF001CBB13 /* AppDelegate.swift */,
				18788C0B267F00DF001CBB13 /* SceneDelegate.swift */,
				18788C0D267F00DF001CBB13 /* ToDoListViewController.swift */,
				18788C6C267F63D7001CBB13 /* AddTaskViewController.swift */,
				18788C0F267F00DF001CBB13 /* Main.storyboard */,
				18788C12267F00E1001CBB13 /* Assets.xcassets */,
				18788C14267F00E1001CBB13 /* LaunchScreen.storyboard */,
				18788C17267F00E1001CBB13 /* Info.plist */,
			);
			path = ToDoApp;
			sourceTree = "<group>";
		};
		18788C1F267F00E2001CBB13 /* ToDoAppTests */ = {
			isa = PBXGroup;
			children = (
				18788C20267F00E2001CBB13 /* ToDoAppTests.swift */,
				18788C22267F00E2001CBB13 /* Info.plist */,
			);
			path = ToDoAppTests;
			sourceTree = "<group>";
		};
		18788C2A267F00E2001CBB13 /* ToDoAppUITests */ = {
			isa = PBXGroup;
			children = (
				18788C2B267F00E2001CBB13 /* ToDoAppUITests.swift */,
				18788C2D267F00E2001CBB13 /* Info.plist */,
			);
			path = ToDoAppUITests;
			sourceTree = "<group>";
		};
		18788C4B267F307E001CBB13 /* TableCell */ = {
			isa = PBXGroup;
			children = (
				18788C4C267F30D3001CBB13 /* ToDoTableViewCell.swift */,
			);
			path = TableCell;
			sourceTree = "<group>";
		};
		18788C63267F4C96001CBB13 /* UI */ = {
			isa = PBXGroup;
			children = (
				18788C64267F4CB5001CBB13 /* Extension+UI.swift */,
			);
			path = UI;
			sourceTree = "<group>";
		};
/* End PBXGroup section */

/* Begin PBXNativeTarget section */
		18788C05267F00DF001CBB13 /* ToDoApp */ = {
			isa = PBXNativeTarget;
			buildConfigurationList = 18788C30267F00E2001CBB13 /* Build configuration list for PBXNativeTarget "ToDoApp" */;
			buildPhases = (
				18788C02267F00DF001CBB13 /* Sources */,
				18788C03267F00DF001CBB13 /* Frameworks */,
				18788C04267F00DF001CBB13 /* Resources */,
			);
			buildRules = (
			);
			dependencies = (
			);
			name = ToDoApp;
			productName = ToDoApp;
			productReference = 18788C06267F00DF001CBB13 /* ToDoApp.app */;
			productType = "com.apple.product-type.application";
		};
		18788C1B267F00E2001CBB13 /* ToDoAppTests */ = {
			isa = PBXNativeTarget;
			buildConfigurationList = 18788C33267F00E2001CBB13 /* Build configuration list for PBXNativeTarget "ToDoAppTests" */;
			buildPhases = (
				18788C18267F00E2001CBB13 /* Sources */,
				18788C19267F00E2001CBB13 /* Frameworks */,
				18788C1A267F00E2001CBB13 /* Resources */,
			);
			buildRules = (
			);
			dependencies = (
				18788C1E267F00E2001CBB13 /* PBXTargetDependency */,
			);
			name = ToDoAppTests;
			productName = ToDoAppTests;
			productReference = 18788C1C267F00E2001CBB13 /* ToDoAppTests.xctest */;
			productType = "com.apple.product-type.bundle.unit-test";
		};
		18788C26267F00E2001CBB13 /* ToDoAppUITests */ = {
			isa = PBXNativeTarget;
			buildConfigurationList = 18788C36267F00E2001CBB13 /* Build configuration list for PBXNativeTarget "ToDoAppUITests" */;
			buildPhases = (
				18788C23267F00E2001CBB13 /* Sources */,
				18788C24267F00E2001CBB13 /* Frameworks */,
				18788C25267F00E2001CBB13 /* Resources */,
			);
			buildRules = (
			);
			dependencies = (
				18788C29267F00E2001CBB13 /* PBXTargetDependency */,
			);
			name = ToDoAppUITests;
			productName = ToDoAppUITests;
			productReference = 18788C27267F00E2001CBB13 /* ToDoAppUITests.xctest */;
			productType = "com.apple.product-type.bundle.ui-testing";
		};
/* End PBXNativeTarget section */

/* Begin PBXProject section */
		18788BFE267F00DF001CBB13 /* Project object */ = {
			isa = PBXProject;
			attributes = {
				LastSwiftUpdateCheck = 1200;
				LastUpgradeCheck = 1200;
				TargetAttributes = {
					18788C05267F00DF001CBB13 = {
						CreatedOnToolsVersion = 12.0;
					};
					18788C1B267F00E2001CBB13 = {
						CreatedOnToolsVersion = 12.0;
						TestTargetID = 18788C05267F00DF001CBB13;
					};
					18788C26267F00E2001CBB13 = {
						CreatedOnToolsVersion = 12.0;
						TestTargetID = 18788C05267F00DF001CBB13;
					};
				};
			};
			buildConfigurationList = 18788C01267F00DF001CBB13 /* Build configuration list for PBXProject "ToDoApp" */;
			compatibilityVersion = "Xcode 9.3";
			developmentRegion = en;
			hasScannedForEncodings = 0;
			knownRegions = (
				en,
				Base,
			);
			mainGroup = 18788BFD267F00DF001CBB13;
			productRefGroup = 18788C07267F00DF001CBB13 /* Products */;
			projectDirPath = "";
			projectRoot = "";
			targets = (
				18788C05267F00DF001CBB13 /* ToDoApp */,
				18788C1B267F00E2001CBB13 /* ToDoAppTests */,
				18788C26267F00E2001CBB13 /* ToDoAppUITests */,
			);
		};
/* End PBXProject section */

/* Begin PBXResourcesBuildPhase section */
		18788C04267F00DF001CBB13 /* Resources */ = {
			isa = PBXResourcesBuildPhase;
			buildActionMask = 2147483647;
			files = (
				18788C16267F00E1001CBB13 /* LaunchScreen.storyboard in Resources */,
				18788C13267F00E1001CBB13 /* Assets.xcassets in Resources */,
				18788C11267F00DF001CBB13 /* Main.storyboard in Resources */,
			);
			runOnlyForDeploymentPostprocessing = 0;
		};
		18788C1A267F00E2001CBB13 /* Resources */ = {
			isa = PBXResourcesBuildPhase;
			buildActionMask = 2147483647;
			files = (
			);
			runOnlyForDeploymentPostprocessing = 0;
		};
		18788C25267F00E2001CBB13 /* Resources */ = {
			isa = PBXResourcesBuildPhase;
			buildActionMask = 2147483647;
			files = (
			);
			runOnlyForDeploymentPostprocessing = 0;
		};
/* End PBXResourcesBuildPhase section */

/* Begin PBXSourcesBuildPhase section */
		18788C02267F00DF001CBB13 /* Sources */ = {
			isa = PBXSourcesBuildPhase;
			buildActionMask = 2147483647;
			files = (
				18788C0E267F00DF001CBB13 /* ToDoListViewController.swift in Sources */,
				18788C6D267F63D7001CBB13 /* AddTaskViewController.swift in Sources */,
				18788C0A267F00DF001CBB13 /* AppDelegate.swift in Sources */,
				18788C0C267F00DF001CBB13 /* SceneDelegate.swift in Sources */,
				18788C65267F4CB5001CBB13 /* Extension+UI.swift in Sources */,
				18788C4D267F30D3001CBB13 /* ToDoTableViewCell.swift in Sources */,
			);
			runOnlyForDeploymentPostprocessing = 0;
		};
		18788C18267F00E2001CBB13 /* Sources */ = {
			isa = PBXSourcesBuildPhase;
			buildActionMask = 2147483647;
			files = (
				18788C21267F00E2001CBB13 /* ToDoAppTests.swift in Sources */,
			);
			runOnlyForDeploymentPostprocessing = 0;
		};
		18788C23267F00E2001CBB13 /* Sources */ = {
			isa = PBXSourcesBuildPhase;
			buildActionMask = 2147483647;
			files = (
				18788C2C267F00E2001CBB13 /* ToDoAppUITests.swift in Sources */,
			);
			runOnlyForDeploymentPostprocessing = 0;
		};
/* End PBXSourcesBuildPhase section */

/* Begin PBXTargetDependency section */
		18788C1E267F00E2001CBB13 /* PBXTargetDependency */ = {
			isa = PBXTargetDependency;
			target = 18788C05267F00DF001CBB13 /* ToDoApp */;
			targetProxy = 18788C1D267F00E2001CBB13 /* PBXContainerItemProxy */;
		};
		18788C29267F00E2001CBB13 /* PBXTargetDependency */ = {
			isa = PBXTargetDependency;
			target = 18788C05267F00DF001CBB13 /* ToDoApp */;
			targetProxy = 18788C28267F00E2001CBB13 /* PBXContainerItemProxy */;
		};
/* End PBXTargetDependency section */

/* Begin PBXVariantGroup section */
		18788C0F267F00DF001CBB13 /* Main.storyboard */ = {
			isa = PBXVariantGroup;
			children = (
				18788C10267F00DF001CBB13 /* Base */,
			);
			name = Main.storyboard;
			sourceTree = "<group>";
		};
		18788C14267F00E1001CBB13 /* LaunchScreen.storyboard */ = {
			isa = PBXVariantGroup;
			children = (
				18788C15267F00E1001CBB13 /* Base */,
			);
			name = LaunchScreen.storyboard;
			sourceTree = "<group>";
		};
/* End PBXVariantGroup section */

/* Begin XCBuildConfiguration section */
		18788C2E267F00E2001CBB13 /* Debug */ = {
			isa = XCBuildConfiguration;
			buildSettings = {
				ALWAYS_SEARCH_USER_PATHS = NO;
				CLANG_ANALYZER_NONNULL = YES;
				CLANG_ANALYZER_NUMBER_OBJECT_CONVERSION = YES_AGGRESSIVE;
				CLANG_CXX_LANGUAGE_STANDARD = "gnu++14";
				CLANG_CXX_LIBRARY = "libc++";
				CLANG_ENABLE_MODULES = YES;
				CLANG_ENABLE_OBJC_ARC = YES;
				CLANG_ENABLE_OBJC_WEAK = YES;
				CLANG_WARN_BLOCK_CAPTURE_AUTORELEASING = YES;
				CLANG_WARN_BOOL_CONVERSION = YES;
				CLANG_WARN_COMMA = YES;
				CLANG_WARN_CONSTANT_CONVERSION = YES;
				CLANG_WARN_DEPRECATED_OBJC_IMPLEMENTATIONS = YES;
				CLANG_WARN_DIRECT_OBJC_ISA_USAGE = YES_ERROR;
				CLANG_WARN_DOCUMENTATION_COMMENTS = YES;
				CLANG_WARN_EMPTY_BODY = YES;
				CLANG_WARN_ENUM_CONVERSION = YES;
				CLANG_WARN_INFINITE_RECURSION = YES;
				CLANG_WARN_INT_CONVERSION = YES;
				CLANG_WARN_NON_LITERAL_NULL_CONVERSION = YES;
				CLANG_WARN_OBJC_IMPLICIT_RETAIN_SELF = YES;
				CLANG_WARN_OBJC_LITERAL_CONVERSION = YES;
				CLANG_WARN_OBJC_ROOT_CLASS = YES_ERROR;
				CLANG_WARN_QUOTED_INCLUDE_IN_FRAMEWORK_HEADER = YES;
				CLANG_WARN_RANGE_LOOP_ANALYSIS = YES;
				CLANG_WARN_STRICT_PROTOTYPES = YES;
				CLANG_WARN_SUSPICIOUS_MOVE = YES;
				CLANG_WARN_UNGUARDED_AVAILABILITY = YES_AGGRESSIVE;
				CLANG_WARN_UNREACHABLE_CODE = YES;
				CLANG_WARN__DUPLICATE_METHOD_MATCH = YES;
				COPY_PHASE_STRIP = NO;
				DEBUG_INFORMATION_FORMAT = dwarf;
				ENABLE_STRICT_OBJC_MSGSEND = YES;
				ENABLE_TESTABILITY = YES;
				GCC_C_LANGUAGE_STANDARD = gnu11;
				GCC_DYNAMIC_NO_PIC = NO;
				GCC_NO_COMMON_BLOCKS = YES;
				GCC_OPTIMIZATION_LEVEL = 0;
				GCC_PREPROCESSOR_DEFINITIONS = (
					"DEBUG=1",
					"$(inherited)",
				);
				GCC_WARN_64_TO_32_BIT_CONVERSION = YES;
				GCC_WARN_ABOUT_RETURN_TYPE = YES_ERROR;
				GCC_WARN_UNDECLARED_SELECTOR = YES;
				GCC_WARN_UNINITIALIZED_AUTOS = YES_AGGRESSIVE;
				GCC_WARN_UNUSED_FUNCTION = YES;
				GCC_WARN_UNUSED_VARIABLE = YES;
				IPHONEOS_DEPLOYMENT_TARGET = 14.0;
				MTL_ENABLE_DEBUG_INFO = INCLUDE_SOURCE;
				MTL_FAST_MATH = YES;
				ONLY_ACTIVE_ARCH = YES;
				SDKROOT = iphoneos;
				SWIFT_ACTIVE_COMPILATION_CONDITIONS = DEBUG;
				SWIFT_OPTIMIZATION_LEVEL = "-Onone";
			};
			name = Debug;
		};
		18788C2F267F00E2001CBB13 /* Release */ = {
			isa = XCBuildConfiguration;
			buildSettings = {
				ALWAYS_SEARCH_USER_PATHS = NO;
				CLANG_ANALYZER_NONNULL = YES;
				CLANG_ANALYZER_NUMBER_OBJECT_CONVERSION = YES_AGGRESSIVE;
				CLANG_CXX_LANGUAGE_STANDARD = "gnu++14";
				CLANG_CXX_LIBRARY = "libc++";
				CLANG_ENABLE_MODULES = YES;
				CLANG_ENABLE_OBJC_ARC = YES;
				CLANG_ENABLE_OBJC_WEAK = YES;
				CLANG_WARN_BLOCK_CAPTURE_AUTORELEASING = YES;
				CLANG_WARN_BOOL_CONVERSION = YES;
				CLANG_WARN_COMMA = YES;
				CLANG_WARN_CONSTANT_CONVERSION = YES;
				CLANG_WARN_DEPRECATED_OBJC_IMPLEMENTATIONS = YES;
				CLANG_WARN_DIRECT_OBJC_ISA_USAGE = YES_ERROR;
				CLANG_WARN_DOCUMENTATION_COMMENTS = YES;
				CLANG_WARN_EMPTY_BODY = YES;
				CLANG_WARN_ENUM_CONVERSION = YES;
				CLANG_WARN_INFINITE_RECURSION = YES;
				CLANG_WARN_INT_CONVERSION = YES;
				CLANG_WARN_NON_LITERAL_NULL_CONVERSION = YES;
				CLANG_WARN_OBJC_IMPLICIT_RETAIN_SELF = YES;
				CLANG_WARN_OBJC_LITERAL_CONVERSION = YES;
				CLANG_WARN_OBJC_ROOT_CLASS = YES_ERROR;
				CLANG_WARN_QUOTED_INCLUDE_IN_FRAMEWORK_HEADER = YES;
				CLANG_WARN_RANGE_LOOP_ANALYSIS = YES;
				CLANG_WARN_STRICT_PROTOTYPES = YES;
				CLANG_WARN_SUSPICIOUS_MOVE = YES;
				CLANG_WARN_UNGUARDED_AVAILABILITY = YES_AGGRESSIVE;
				CLANG_WARN_UNREACHABLE_CODE = YES;
				CLANG_WARN__DUPLICATE_METHOD_MATCH = YES;
				COPY_PHASE_STRIP = NO;
				DEBUG_INFORMATION_FORMAT = "dwarf-with-dsym";
				ENABLE_NS_ASSERTIONS = NO;
				ENABLE_STRICT_OBJC_MSGSEND = YES;
				GCC_C_LANGUAGE_STANDARD = gnu11;
				GCC_NO_COMMON_BLOCKS = YES;
				GCC_WARN_64_TO_32_BIT_CONVERSION = YES;
				GCC_WARN_ABOUT_RETURN_TYPE = YES_ERROR;
				GCC_WARN_UNDECLARED_SELECTOR = YES;
				GCC_WARN_UNINITIALIZED_AUTOS = YES_AGGRESSIVE;
				GCC_WARN_UNUSED_FUNCTION = YES;
				GCC_WARN_UNUSED_VARIABLE = YES;
				IPHONEOS_DEPLOYMENT_TARGET = 14.0;
				MTL_ENABLE_DEBUG_INFO = NO;
				MTL_FAST_MATH = YES;
				SDKROOT = iphoneos;
				SWIFT_COMPILATION_MODE = wholemodule;
				SWIFT_OPTIMIZATION_LEVEL = "-O";
				VALIDATE_PRODUCT = YES;
			};
			name = Release;
		};
		18788C31267F00E2001CBB13 /* Debug */ = {
			isa = XCBuildConfiguration;
			buildSettings = {
				ASSETCATALOG_COMPILER_APPICON_NAME = AppIcon;
				ASSETCATALOG_COMPILER_GLOBAL_ACCENT_COLOR_NAME = AccentColor;
				CODE_SIGN_STYLE = Automatic;
				INFOPLIST_FILE = ToDoApp/Info.plist;
				LD_RUNPATH_SEARCH_PATHS = (
					"$(inherited)",
					"@executable_path/Frameworks",
				);
				PRODUCT_BUNDLE_IDENTIFIER = com.KeenVision.ToDoApp;
				PRODUCT_NAME = "$(TARGET_NAME)";
				SWIFT_VERSION = 5.0;
				TARGETED_DEVICE_FAMILY = 1;
			};
			name = Debug;
		};
		18788C32267F00E2001CBB13 /* Release */ = {
			isa = XCBuildConfiguration;
			buildSettings = {
				ASSETCATALOG_COMPILER_APPICON_NAME = AppIcon;
				ASSETCATALOG_COMPILER_GLOBAL_ACCENT_COLOR_NAME = AccentColor;
				CODE_SIGN_STYLE = Automatic;
				INFOPLIST_FILE = ToDoApp/Info.plist;
				LD_RUNPATH_SEARCH_PATHS = (
					"$(inherited)",
					"@executable_path/Frameworks",
				);
				PRODUCT_BUNDLE_IDENTIFIER = com.KeenVision.ToDoApp;
				PRODUCT_NAME = "$(TARGET_NAME)";
				SWIFT_VERSION = 5.0;
				TARGETED_DEVICE_FAMILY = 1;
			};
			name = Release;
		};
		18788C34267F00E2001CBB13 /* Debug */ = {
			isa = XCBuildConfiguration;
			buildSettings = {
				ALWAYS_EMBED_SWIFT_STANDARD_LIBRARIES = YES;
				BUNDLE_LOADER = "$(TEST_HOST)";
				CODE_SIGN_STYLE = Automatic;
				INFOPLIST_FILE = ToDoAppTests/Info.plist;
				IPHONEOS_DEPLOYMENT_TARGET = 14.0;
				LD_RUNPATH_SEARCH_PATHS = (
					"$(inherited)",
					"@executable_path/Frameworks",
					"@loader_path/Frameworks",
				);
				PRODUCT_BUNDLE_IDENTIFIER = KeenVision.ToDoAppTests;
				PRODUCT_NAME = "$(TARGET_NAME)";
				SWIFT_VERSION = 5.0;
				TARGETED_DEVICE_FAMILY = "1,2";
				TEST_HOST = "$(BUILT_PRODUCTS_DIR)/ToDoApp.app/ToDoApp";
			};
			name = Debug;
		};
		18788C35267F00E2001CBB13 /* Release */ = {
			isa = XCBuildConfiguration;
			buildSettings = {
				ALWAYS_EMBED_SWIFT_STANDARD_LIBRARIES = YES;
				BUNDLE_LOADER = "$(TEST_HOST)";
				CODE_SIGN_STYLE = Automatic;
				INFOPLIST_FILE = ToDoAppTests/Info.plist;
				IPHONEOS_DEPLOYMENT_TARGET = 14.0;
				LD_RUNPATH_SEARCH_PATHS = (
					"$(inherited)",
					"@executable_path/Frameworks",
					"@loader_path/Frameworks",
				);
				PRODUCT_BUNDLE_IDENTIFIER = KeenVision.ToDoAppTests;
				PRODUCT_NAME = "$(TARGET_NAME)";
				SWIFT_VERSION = 5.0;
				TARGETED_DEVICE_FAMILY = "1,2";
				TEST_HOST = "$(BUILT_PRODUCTS_DIR)/ToDoApp.app/ToDoApp";
			};
			name = Release;
		};
		18788C37267F00E2001CBB13 /* Debug */ = {
			isa = XCBuildConfiguration;
			buildSettings = {
				ALWAYS_EMBED_SWIFT_STANDARD_LIBRARIES = YES;
				CODE_SIGN_STYLE = Automatic;
				INFOPLIST_FILE = ToDoAppUITests/Info.plist;
				LD_RUNPATH_SEARCH_PATHS = (
					"$(inherited)",
					"@executable_path/Frameworks",
					"@loader_path/Frameworks",
				);
				PRODUCT_BUNDLE_IDENTIFIER = KeenVision.ToDoAppUITests;
				PRODUCT_NAME = "$(TARGET_NAME)";
				SWIFT_VERSION = 5.0;
				TARGETED_DEVICE_FAMILY = "1,2";
				TEST_TARGET_NAME = ToDoApp;
			};
			name = Debug;
		};
		18788C38267F00E2001CBB13 /* Release */ = {
			isa = XCBuildConfiguration;
			buildSettings = {
				ALWAYS_EMBED_SWIFT_STANDARD_LIBRARIES = YES;
				CODE_SIGN_STYLE = Automatic;
				INFOPLIST_FILE = ToDoAppUITests/Info.plist;
				LD_RUNPATH_SEARCH_PATHS = (
					"$(inherited)",
					"@executable_path/Frameworks",
					"@loader_path/Frameworks",
				);
				PRODUCT_BUNDLE_IDENTIFIER = KeenVision.ToDoAppUITests;
				PRODUCT_NAME = "$(TARGET_NAME)";
				SWIFT_VERSION = 5.0;
				TARGETED_DEVICE_FAMILY = "1,2";
				TEST_TARGET_NAME = ToDoApp;
			};
			name = Release;
		};
/* End XCBuildConfiguration section */

/* Begin XCConfigurationList section */
		18788C01267F00DF001CBB13 /* Build configuration list for PBXProject "ToDoApp" */ = {
			isa = XCConfigurationList;
			buildConfigurations = (
				18788C2E267F00E2001CBB13 /* Debug */,
				18788C2F267F00E2001CBB13 /* Release */,
			);
			defaultConfigurationIsVisible = 0;
			defaultConfigurationName = Release;
		};
		18788C30267F00E2001CBB13 /* Build configuration list for PBXNativeTarget "ToDoApp" */ = {
			isa = XCConfigurationList;
			buildConfigurations = (
				18788C31267F00E2001CBB13 /* Debug */,
				18788C32267F00E2001CBB13 /* Release */,
			);
			defaultConfigurationIsVisible = 0;
			defaultConfigurationName = Release;
		};
		18788C33267F00E2001CBB13 /* Build configuration list for PBXNativeTarget "ToDoAppTests" */ = {
			isa = XCConfigurationList;
			buildConfigurations = (
				18788C34267F00E2001CBB13 /* Debug */,
				18788C35267F00E2001CBB13 /* Release */,
			);
			defaultConfigurationIsVisible = 0;
			defaultConfigurationName = Release;
		};
		18788C36267F00E2001CBB13 /* Build configuration list for PBXNativeTarget "ToDoAppUITests" */ = {
			isa = XCConfigurationList;
			buildConfigurations = (
				18788C37267F00E2001CBB13 /* Debug */,
				18788C38267F00E2001CBB13 /* Release */,
			);
			defaultConfigurationIsVisible = 0;
			defaultConfigurationName = Release;
		};
/* End XCConfigurationList section */
	};
	rootObject = 18788BFE267F00DF001CBB13 /* Project object */;
}
